<?xml version="1.0" encoding="utf-8"?>
<Project ToolsVersion="4.0" xmlns="http://schemas.microsoft.com/developer/msbuild/2003">
  <ItemGroup>
    <Filter Include="Fichiers sources">
      <UniqueIdentifier>{4FC737F1-C7A5-4376-A066-2A32D752A2FF}</UniqueIdentifier>
      <Extensions>cpp;c;cc;cxx;c++;cppm;ixx;def;odl;idl;hpj;bat;asm;asmx</Extensions>
    </Filter>
    <Filter Include="Fichiers d%27en-tête">
      <UniqueIdentifier>{93995380-89BD-4b04-88EB-625FBE52EBFB}</UniqueIdentifier>
      <Extensions>h;hh;hpp;hxx;h++;hm;inl;inc;ipp;xsd</Extensions>
    </Filter>
    <Filter Include="Fichiers de ressources">
      <UniqueIdentifier>{67DA6AB6-F800-4c08-8B7A-83BB121AAD01}</UniqueIdentifier>
      <Extensions>rc;ico;cur;bmp;dlg;rc2;rct;bin;rgs;gif;jpg;jpeg;jpe;resx;tiff;tif;png;wav;mfcribbon-ms</Extensions>
    </Filter>
    <Filter Include="Fichiers d%27en-tête\ui">
      <UniqueIdentifier>{83292a70-035a-4f21-a3b0-1d616dcf137e}</UniqueIdentifier>
    </Filter>
    <Filter Include="Fichiers d%27en-tête\utils">
      <UniqueIdentifier>{e3dcf803-98e3-4032-8f93-f60eb257dd78}</UniqueIdentifier>
    </Filter>
    <Filter Include="Fichiers d%27en-tête\game">
      <UniqueIdentifier>{c6e0157b-4f81-4c0b-b845-5ca1e3c40526}</UniqueIdentifier>
    </Filter>
    <Filter Include="Fichiers d%27en-tête\Entity">
      <UniqueIdentifier>{52d5d547-46d8-4c02-bd05-d254696a6cab}</UniqueIdentifier>
    </Filter>
    <Filter Include="Fichiers d%27en-tête\data">
      <UniqueIdentifier>{b32b1f68-db09-4ad9-b935-ab4e0f91c82a}</UniqueIdentifier>
    </Filter>
  </ItemGroup>
  <ItemGroup>
    <ClCompile Include="main.cpp">
      <Filter>Fichiers sources</Filter>
    </ClCompile>
    <ClCompile Include="Utils.cpp">
      <Filter>Fichiers d%27en-tête\utils</Filter>
    </ClCompile>
    <ClCompile Include="Menu.cpp">
      <Filter>Fichiers d%27en-tête\ui</Filter>
    </ClCompile>
    <ClCompile Include="DysplayManager.cpp">
      <Filter>Fichiers d%27en-tête\ui</Filter>
    </ClCompile>
    <ClCompile Include="Button.cpp">
      <Filter>Fichiers d%27en-tête\ui</Filter>
    </ClCompile>
    <ClCompile Include="InputManager.cpp">
      <Filter>Fichiers d%27en-tête\utils</Filter>
    </ClCompile>
    <ClCompile Include="GameManager.cpp">
      <Filter>Fichiers d%27en-tête\game</Filter>
    </ClCompile>
    <ClCompile Include="Entity.cpp">
      <Filter>Fichiers d%27en-tête\Entity</Filter>
    </ClCompile>
    <ClCompile Include="Pokemon.cpp">
      <Filter>Fichiers d%27en-tête\Entity</Filter>
    </ClCompile>
    <ClCompile Include="PokemonManager.cpp">
      <Filter>Fichiers d%27en-tête\Entity</Filter>
    </ClCompile>
  </ItemGroup>
  <ItemGroup>
    <ClInclude Include="DysplayManager.h">
      <Filter>Fichiers d%27en-tête\ui</Filter>
    </ClInclude>
    <ClInclude Include="Button.h">
      <Filter>Fichiers d%27en-tête\ui</Filter>
    </ClInclude>
    <ClInclude Include="Menu.h">
      <Filter>Fichiers d%27en-tête\ui</Filter>
    </ClInclude>
    <ClInclude Include="Utils.h">
      <Filter>Fichiers d%27en-tête\utils</Filter>
    </ClInclude>
    <ClInclude Include="InputManager.h">
      <Filter>Fichiers d%27en-tête\utils</Filter>
    </ClInclude>
    <ClInclude Include="GameManager.h">
      <Filter>Fichiers d%27en-tête\game</Filter>
    </ClInclude>
    <ClInclude Include="Entity.h">
      <Filter>Fichiers d%27en-tête\Entity</Filter>
    </ClInclude>
    <ClInclude Include="Pokemon.h">
      <Filter>Fichiers d%27en-tête\Entity</Filter>
    </ClInclude>
    <ClInclude Include="PokemonManager.h">
      <Filter>Fichiers d%27en-tête\Entity</Filter>
    </ClInclude>
  </ItemGroup>
  <ItemGroup>
    <None Include="pokedex_fr.json">
      <Filter>Fichiers d%27en-tête\data</Filter>
    </None>
  </ItemGroup>
</Project>